
Microsoft Visual Studio Solution File, Format Version 12.00
# Visual Studio 15
VisualStudioVersion = 15.0.26124.0
MinimumVisualStudioVersion = 15.0.26124.0
Project("{FAE04EC0-301F-11D3-BF4B-00C04F79EFBC}") = "Cotacoes", "Cotacoes\Cotacoes.csproj", "{37AA7DB1-8E7C-47F1-84CF-37EA27BD9270}"
EndProject
Project("{FAE04EC0-301F-11D3-BF4B-00C04F79EFBC}") = "api-mercado-financeiro", "api-mercado-financeiro\api-mercado-financeiro.csproj", "{603DFEF9-D760-458F-A36F-005C5C5FA759}"
EndProject
Global
	GlobalSection(SolutionConfigurationPlatforms) = preSolution
		Debug|Any CPU = Debug|Any CPU
		Debug|x64 = Debug|x64
		Debug|x86 = Debug|x86
		Release|Any CPU = Release|Any CPU
		Release|x64 = Release|x64
		Release|x86 = Release|x86
	EndGlobalSection
	GlobalSection(SolutionProperties) = preSolution
		HideSolutionNode = FALSE
	EndGlobalSection
	GlobalSection(ProjectConfigurationPlatforms) = postSolution
		{37AA7DB1-8E7C-47F1-84CF-37EA27BD9270}.Debug|Any CPU.ActiveCfg = Debug|Any CPU
		{37AA7DB1-8E7C-47F1-84CF-37EA27BD9270}.Debug|Any CPU.Build.0 = Debug|Any CPU
		{37AA7DB1-8E7C-47F1-84CF-37EA27BD9270}.Debug|x64.ActiveCfg = Debug|Any CPU
		{37AA7DB1-8E7C-47F1-84CF-37EA27BD9270}.Debug|x64.Build.0 = Debug|Any CPU
		{37AA7DB1-8E7C-47F1-84CF-37EA27BD9270}.Debug|x86.ActiveCfg = Debug|Any CPU
		{37AA7DB1-8E7C-47F1-84CF-37EA27BD9270}.Debug|x86.Build.0 = Debug|Any CPU
		{37AA7DB1-8E7C-47F1-84CF-37EA27BD9270}.Release|Any CPU.ActiveCfg = Release|Any CPU
		{37AA7DB1-8E7C-47F1-84CF-37EA27BD9270}.Release|Any CPU.Build.0 = Release|Any CPU
		{37AA7DB1-8E7C-47F1-84CF-37EA27BD9270}.Release|x64.ActiveCfg = Release|Any CPU
		{37AA7DB1-8E7C-47F1-84CF-37EA27BD9270}.Release|x64.Build.0 = Release|Any CPU
		{37AA7DB1-8E7C-47F1-84CF-37EA27BD9270}.Release|x86.ActiveCfg = Release|Any CPU
		{37AA7DB1-8E7C-47F1-84CF-37EA27BD9270}.Release|x86.Build.0 = Release|Any CPU
		{603DFEF9-D760-458F-A36F-005C5C5FA759}.Debug|Any CPU.ActiveCfg = Debug|Any CPU
		{603DFEF9-D760-458F-A36F-005C5C5FA759}.Debug|Any CPU.Build.0 = Debug|Any CPU
		{603DFEF9-D760-458F-A36F-005C5C5FA759}.Debug|x64.ActiveCfg = Debug|Any CPU
		{603DFEF9-D760-458F-A36F-005C5C5FA759}.Debug|x64.Build.0 = Debug|Any CPU
		{603DFEF9-D760-458F-A36F-005C5C5FA759}.Debug|x86.ActiveCfg = Debug|Any CPU
		{603DFEF9-D760-458F-A36F-005C5C5FA759}.Debug|x86.Build.0 = Debug|Any CPU
		{603DFEF9-D760-458F-A36F-005C5C5FA759}.Release|Any CPU.ActiveCfg = Release|Any CPU
		{603DFEF9-D760-458F-A36F-005C5C5FA759}.Release|Any CPU.Build.0 = Release|Any CPU
		{603DFEF9-D760-458F-A36F-005C5C5FA759}.Release|x64.ActiveCfg = Release|Any CPU
		{603DFEF9-D760-458F-A36F-005C5C5FA759}.Release|x64.Build.0 = Release|Any CPU
		{603DFEF9-D760-458F-A36F-005C5C5FA759}.Release|x86.ActiveCfg = Release|Any CPU
		{603DFEF9-D760-458F-A36F-005C5C5FA759}.Release|x86.Build.0 = Release|Any CPU
	EndGlobalSection
EndGlobal
