
Microsoft Visual Studio Solution File, Format Version 12.00
# Visual Studio 15
VisualStudioVersion = 15.0.26124.0
MinimumVisualStudioVersion = 15.0.26124.0
Project("{FAE04EC0-301F-11D3-BF4B-00C04F79EFBC}") = "Cotacoes", "Cotacoes\Cotacoes.csproj", "{14963ECD-BB17-41C0-BB99-280EFF5AE313}"
EndProject
Project("{FAE04EC0-301F-11D3-BF4B-00C04F79EFBC}") = "api-mercado-financeiro", "api-mercado-financeiro\api-mercado-financeiro.csproj", "{21E5258D-AB72-443A-A225-B297ECFC5FEA}"
EndProject
Global
	GlobalSection(SolutionConfigurationPlatforms) = preSolution
		Debug|Any CPU = Debug|Any CPU
		Debug|x64 = Debug|x64
		Debug|x86 = Debug|x86
		Release|Any CPU = Release|Any CPU
		Release|x64 = Release|x64
		Release|x86 = Release|x86
	EndGlobalSection
	GlobalSection(SolutionProperties) = preSolution
		HideSolutionNode = FALSE
	EndGlobalSection
	GlobalSection(ProjectConfigurationPlatforms) = postSolution
		{14963ECD-BB17-41C0-BB99-280EFF5AE313}.Debug|Any CPU.ActiveCfg = Debug|Any CPU
		{14963ECD-BB17-41C0-BB99-280EFF5AE313}.Debug|Any CPU.Build.0 = Debug|Any CPU
		{14963ECD-BB17-41C0-BB99-280EFF5AE313}.Debug|x64.ActiveCfg = Debug|Any CPU
		{14963ECD-BB17-41C0-BB99-280EFF5AE313}.Debug|x64.Build.0 = Debug|Any CPU
		{14963ECD-BB17-41C0-BB99-280EFF5AE313}.Debug|x86.ActiveCfg = Debug|Any CPU
		{14963ECD-BB17-41C0-BB99-280EFF5AE313}.Debug|x86.Build.0 = Debug|Any CPU
		{14963ECD-BB17-41C0-BB99-280EFF5AE313}.Release|Any CPU.ActiveCfg = Release|Any CPU
		{14963ECD-BB17-41C0-BB99-280EFF5AE313}.Release|Any CPU.Build.0 = Release|Any CPU
		{14963ECD-BB17-41C0-BB99-280EFF5AE313}.Release|x64.ActiveCfg = Release|Any CPU
		{14963ECD-BB17-41C0-BB99-280EFF5AE313}.Release|x64.Build.0 = Release|Any CPU
		{14963ECD-BB17-41C0-BB99-280EFF5AE313}.Release|x86.ActiveCfg = Release|Any CPU
		{14963ECD-BB17-41C0-BB99-280EFF5AE313}.Release|x86.Build.0 = Release|Any CPU
		{21E5258D-AB72-443A-A225-B297ECFC5FEA}.Debug|Any CPU.ActiveCfg = Debug|Any CPU
		{21E5258D-AB72-443A-A225-B297ECFC5FEA}.Debug|Any CPU.Build.0 = Debug|Any CPU
		{21E5258D-AB72-443A-A225-B297ECFC5FEA}.Debug|x64.ActiveCfg = Debug|Any CPU
		{21E5258D-AB72-443A-A225-B297ECFC5FEA}.Debug|x64.Build.0 = Debug|Any CPU
		{21E5258D-AB72-443A-A225-B297ECFC5FEA}.Debug|x86.ActiveCfg = Debug|Any CPU
		{21E5258D-AB72-443A-A225-B297ECFC5FEA}.Debug|x86.Build.0 = Debug|Any CPU
		{21E5258D-AB72-443A-A225-B297ECFC5FEA}.Release|Any CPU.ActiveCfg = Release|Any CPU
		{21E5258D-AB72-443A-A225-B297ECFC5FEA}.Release|Any CPU.Build.0 = Release|Any CPU
		{21E5258D-AB72-443A-A225-B297ECFC5FEA}.Release|x64.ActiveCfg = Release|Any CPU
		{21E5258D-AB72-443A-A225-B297ECFC5FEA}.Release|x64.Build.0 = Release|Any CPU
		{21E5258D-AB72-443A-A225-B297ECFC5FEA}.Release|x86.ActiveCfg = Release|Any CPU
		{21E5258D-AB72-443A-A225-B297ECFC5FEA}.Release|x86.Build.0 = Release|Any CPU
	EndGlobalSection
EndGlobal
